
Microsoft Visual Studio Solution File, Format Version 12.00
# Visual Studio 15
VisualStudioVersion = 15.0.26730.8
MinimumVisualStudioVersion = 10.0.40219.1
Project("{2150E333-8FDC-42A3-9474-1A3956D46DE8}") = "Engine", "Engine", "{D8C57E1F-119E-4615-84C8-9415C2FF796F}"
EndProject
Project("{2150E333-8FDC-42A3-9474-1A3956D46DE8}") = "Games", "Games", "{6A38B815-99A1-4BA5-A9FF-60D63500C181}"
EndProject
Project("{8BC9CEB8-8B4A-11D0-8D11-00A0C91BC942}") = "UE4", "Intermediate\ProjectFiles\UE4.vcxproj", "{FEC635E1-CAA9-4664-8BB3-0423A2BEB45C}"
EndProject
Project("{8BC9CEB8-8B4A-11D0-8D11-00A0C91BC942}") = "RoomEscape", "Intermediate\ProjectFiles\RoomEscape.vcxproj", "{414412D1-E381-4A39-A6A9-6CD247A36A88}"
EndProject
Global
	GlobalSection(SolutionConfigurationPlatforms) = preSolution
		DebugGame Editor|HTML5 = DebugGame Editor|HTML5
		DebugGame Editor|Win32 = DebugGame Editor|Win32
		DebugGame Editor|Win64 = DebugGame Editor|Win64
		DebugGame|HTML5 = DebugGame|HTML5
		DebugGame|Win32 = DebugGame|Win32
		DebugGame|Win64 = DebugGame|Win64
		Development Editor|HTML5 = Development Editor|HTML5
		Development Editor|Win32 = Development Editor|Win32
		Development Editor|Win64 = Development Editor|Win64
		Development|HTML5 = Development|HTML5
		Development|Win32 = Development|Win32
		Development|Win64 = Development|Win64
		Shipping|HTML5 = Shipping|HTML5
		Shipping|Win32 = Shipping|Win32
		Shipping|Win64 = Shipping|Win64
	EndGlobalSection
	GlobalSection(ProjectConfigurationPlatforms) = postSolution
		{FEC635E1-CAA9-4664-8BB3-0423A2BEB45C}.DebugGame Editor|HTML5.ActiveCfg = BuiltWithUnrealBuildTool|Win32
		{FEC635E1-CAA9-4664-8BB3-0423A2BEB45C}.DebugGame Editor|HTML5.Build.0 = BuiltWithUnrealBuildTool|Win32
		{FEC635E1-CAA9-4664-8BB3-0423A2BEB45C}.DebugGame Editor|Win32.ActiveCfg = BuiltWithUnrealBuildTool|Win32
		{FEC635E1-CAA9-4664-8BB3-0423A2BEB45C}.DebugGame Editor|Win32.Build.0 = BuiltWithUnrealBuildTool|Win32
		{FEC635E1-CAA9-4664-8BB3-0423A2BEB45C}.DebugGame Editor|Win64.ActiveCfg = BuiltWithUnrealBuildTool|Win32
		{FEC635E1-CAA9-4664-8BB3-0423A2BEB45C}.DebugGame Editor|Win64.Build.0 = BuiltWithUnrealBuildTool|Win32
		{FEC635E1-CAA9-4664-8BB3-0423A2BEB45C}.DebugGame|HTML5.ActiveCfg = BuiltWithUnrealBuildTool|Win32
		{FEC635E1-CAA9-4664-8BB3-0423A2BEB45C}.DebugGame|HTML5.Build.0 = BuiltWithUnrealBuildTool|Win32
		{FEC635E1-CAA9-4664-8BB3-0423A2BEB45C}.DebugGame|Win32.ActiveCfg = BuiltWithUnrealBuildTool|Win32
		{FEC635E1-CAA9-4664-8BB3-0423A2BEB45C}.DebugGame|Win32.Build.0 = BuiltWithUnrealBuildTool|Win32
		{FEC635E1-CAA9-4664-8BB3-0423A2BEB45C}.DebugGame|Win64.ActiveCfg = BuiltWithUnrealBuildTool|Win32
		{FEC635E1-CAA9-4664-8BB3-0423A2BEB45C}.DebugGame|Win64.Build.0 = BuiltWithUnrealBuildTool|Win32
		{FEC635E1-CAA9-4664-8BB3-0423A2BEB45C}.Development Editor|HTML5.ActiveCfg = BuiltWithUnrealBuildTool|Win32
		{FEC635E1-CAA9-4664-8BB3-0423A2BEB45C}.Development Editor|HTML5.Build.0 = BuiltWithUnrealBuildTool|Win32
		{FEC635E1-CAA9-4664-8BB3-0423A2BEB45C}.Development Editor|Win32.ActiveCfg = BuiltWithUnrealBuildTool|Win32
		{FEC635E1-CAA9-4664-8BB3-0423A2BEB45C}.Development Editor|Win32.Build.0 = BuiltWithUnrealBuildTool|Win32
		{FEC635E1-CAA9-4664-8BB3-0423A2BEB45C}.Development Editor|Win64.ActiveCfg = BuiltWithUnrealBuildTool|Win32
		{FEC635E1-CAA9-4664-8BB3-0423A2BEB45C}.Development Editor|Win64.Build.0 = BuiltWithUnrealBuildTool|Win32
		{FEC635E1-CAA9-4664-8BB3-0423A2BEB45C}.Development|HTML5.ActiveCfg = BuiltWithUnrealBuildTool|Win32
		{FEC635E1-CAA9-4664-8BB3-0423A2BEB45C}.Development|HTML5.Build.0 = BuiltWithUnrealBuildTool|Win32
		{FEC635E1-CAA9-4664-8BB3-0423A2BEB45C}.Development|Win32.ActiveCfg = BuiltWithUnrealBuildTool|Win32
		{FEC635E1-CAA9-4664-8BB3-0423A2BEB45C}.Development|Win32.Build.0 = BuiltWithUnrealBuildTool|Win32
		{FEC635E1-CAA9-4664-8BB3-0423A2BEB45C}.Development|Win64.ActiveCfg = BuiltWithUnrealBuildTool|Win32
		{FEC635E1-CAA9-4664-8BB3-0423A2BEB45C}.Development|Win64.Build.0 = BuiltWithUnrealBuildTool|Win32
		{FEC635E1-CAA9-4664-8BB3-0423A2BEB45C}.Shipping|HTML5.ActiveCfg = BuiltWithUnrealBuildTool|Win32
		{FEC635E1-CAA9-4664-8BB3-0423A2BEB45C}.Shipping|HTML5.Build.0 = BuiltWithUnrealBuildTool|Win32
		{FEC635E1-CAA9-4664-8BB3-0423A2BEB45C}.Shipping|Win32.ActiveCfg = BuiltWithUnrealBuildTool|Win32
		{FEC635E1-CAA9-4664-8BB3-0423A2BEB45C}.Shipping|Win32.Build.0 = BuiltWithUnrealBuildTool|Win32
		{FEC635E1-CAA9-4664-8BB3-0423A2BEB45C}.Shipping|Win64.ActiveCfg = BuiltWithUnrealBuildTool|Win32
		{FEC635E1-CAA9-4664-8BB3-0423A2BEB45C}.Shipping|Win64.Build.0 = BuiltWithUnrealBuildTool|Win32
		{414412D1-E381-4A39-A6A9-6CD247A36A88}.DebugGame Editor|HTML5.ActiveCfg = HTML5_DebugGame_Editor|Win32
		{414412D1-E381-4A39-A6A9-6CD247A36A88}.DebugGame Editor|Win32.ActiveCfg = DebugGame_Editor|Win32
		{414412D1-E381-4A39-A6A9-6CD247A36A88}.DebugGame Editor|Win64.ActiveCfg = DebugGame_Editor|x64
		{414412D1-E381-4A39-A6A9-6CD247A36A88}.DebugGame Editor|Win64.Build.0 = DebugGame_Editor|x64
		{414412D1-E381-4A39-A6A9-6CD247A36A88}.DebugGame|HTML5.ActiveCfg = HTML5_DebugGame_Game|Win32
		{414412D1-E381-4A39-A6A9-6CD247A36A88}.DebugGame|HTML5.Build.0 = HTML5_DebugGame_Game|Win32
		{414412D1-E381-4A39-A6A9-6CD247A36A88}.DebugGame|Win32.ActiveCfg = DebugGame_Game|Win32
		{414412D1-E381-4A39-A6A9-6CD247A36A88}.DebugGame|Win32.Build.0 = DebugGame_Game|Win32
		{414412D1-E381-4A39-A6A9-6CD247A36A88}.DebugGame|Win64.ActiveCfg = DebugGame_Game|x64
		{414412D1-E381-4A39-A6A9-6CD247A36A88}.DebugGame|Win64.Build.0 = DebugGame_Game|x64
		{414412D1-E381-4A39-A6A9-6CD247A36A88}.Development Editor|HTML5.ActiveCfg = HTML5_Development_Editor|Win32
		{414412D1-E381-4A39-A6A9-6CD247A36A88}.Development Editor|Win32.ActiveCfg = Development_Editor|Win32
		{414412D1-E381-4A39-A6A9-6CD247A36A88}.Development Editor|Win64.ActiveCfg = Development_Editor|x64
		{414412D1-E381-4A39-A6A9-6CD247A36A88}.Development Editor|Win64.Build.0 = Development_Editor|x64
		{414412D1-E381-4A39-A6A9-6CD247A36A88}.Development|HTML5.ActiveCfg = HTML5_Development_Game|Win32
		{414412D1-E381-4A39-A6A9-6CD247A36A88}.Development|HTML5.Build.0 = HTML5_Development_Game|Win32
		{414412D1-E381-4A39-A6A9-6CD247A36A88}.Development|Win32.ActiveCfg = Development_Game|Win32
		{414412D1-E381-4A39-A6A9-6CD247A36A88}.Development|Win32.Build.0 = Development_Game|Win32
		{414412D1-E381-4A39-A6A9-6CD247A36A88}.Development|Win64.ActiveCfg = Development_Game|x64
		{414412D1-E381-4A39-A6A9-6CD247A36A88}.Development|Win64.Build.0 = Development_Game|x64
		{414412D1-E381-4A39-A6A9-6CD247A36A88}.Shipping|HTML5.ActiveCfg = HTML5_Shipping_Game|Win32
		{414412D1-E381-4A39-A6A9-6CD247A36A88}.Shipping|HTML5.Build.0 = HTML5_Shipping_Game|Win32
		{414412D1-E381-4A39-A6A9-6CD247A36A88}.Shipping|Win32.ActiveCfg = Shipping_Game|Win32
		{414412D1-E381-4A39-A6A9-6CD247A36A88}.Shipping|Win32.Build.0 = Shipping_Game|Win32
		{414412D1-E381-4A39-A6A9-6CD247A36A88}.Shipping|Win64.ActiveCfg = Shipping_Game|x64
		{414412D1-E381-4A39-A6A9-6CD247A36A88}.Shipping|Win64.Build.0 = Shipping_Game|x64
	EndGlobalSection
	GlobalSection(SolutionProperties) = preSolution
		HideSolutionNode = FALSE
	EndGlobalSection
	GlobalSection(NestedProjects) = preSolution
		{FEC635E1-CAA9-4664-8BB3-0423A2BEB45C} = {D8C57E1F-119E-4615-84C8-9415C2FF796F}
		{414412D1-E381-4A39-A6A9-6CD247A36A88} = {6A38B815-99A1-4BA5-A9FF-60D63500C181}
	EndGlobalSection
	GlobalSection(ExtensibilityGlobals) = postSolution
		SolutionGuid = {C57A8B72-9C8D-4318-9900-1676ADE38ADF}
	EndGlobalSection
EndGlobal
